{
  "name": "bk-tools",
  "version": "1.0.0",
  "lockfileVersion": 1,
  "requires": true,
  "dependencies": {
    "axios": {
      "version": "0.21.1",
      "resolved": "https://registry.npmjs.org/axios/-/axios-0.21.1.tgz",
      "integrity": "sha512-dKQiRHxGD9PPRIUNIWvZhPTPpl1rf/OxTYKsqKUDjBwYylTvV7SjSHJb9ratfyzM6wCdLCOYLzs73qpg5c4iGA==",
      "requires": {
        "follow-redirects": "^1.10.0"
      }
    },
    "dotenv": {
      "version": "8.2.0",
      "resolved": "https://registry.npmjs.org/dotenv/-/dotenv-8.2.0.tgz",
      "integrity": "sha512-8sJ78ElpbDJBHNeBzUbUVLsqKdccaa/BXF1uPTw3GrvQTBgrQrtObr2mUrE38vzYd8cEv+m/JBfDLioYcfXoaw=="
    },
    "fast-xml-parser": {
      "version": "3.20.0",
      "resolved": "https://registry.npmjs.org/fast-xml-parser/-/fast-xml-parser-3.20.0.tgz",
      "integrity": "sha512-cMQwDJYVDjMPU56DviszewgMKuNzuf4NQSBuDf9RgZ6FKm5QEMxW05Za8lvnuL6moxoeZVUWBlL733WmovvV6g==",
      "requires": {
        "strnum": "^1.0.3"
      }
    },
    "follow-redirects": {
      "version": "1.13.3",
      "resolved": "https://registry.npmjs.org/follow-redirects/-/follow-redirects-1.13.3.tgz",
      "integrity": "sha512-DUgl6+HDzB0iEptNQEXLx/KhTmDb8tZUHSeLqpnjpknR70H0nC2t9N73BK6fN4hOvJ84pKlIQVQ4k5FFlBedKA=="
    },
    "kibana-buildkite-library": {
      "version": "github:elastic/kibana-buildkite-library#f70ae2d23c5dca4d3f2a57abed59def110a8ad3f",
      "from": "github:elastic/kibana-buildkite-library",
      "requires": {
        "axios": "^0.21.1"
      }
    },
    "strnum": {
      "version": "1.0.3",
      "resolved": "https://registry.npmjs.org/strnum/-/strnum-1.0.3.tgz",
      "integrity": "sha512-GVoRjsqAYZkAH16GDzfTuafuwKxzKdaaCQyLaWf37gOP1e2PPbAKWoME1OmO+c4RCKMfNrrPRDLFCNBFU45N/A=="
    }
  }
}
